// !$*UTF8*$!
{
	archiveVersion = 1;
	classes = {
	};
	objectVersion = 56;
	objects = {

/* Begin PBXBuildFile section */
		9F7420281860C88D3C44EC83 /* Pods_ChallengeWhiz.framework in Frameworks */ = {isa = PBXBuildFile; fileRef = DEA76E9DE2F3ABAB235AAC3F /* Pods_ChallengeWhiz.framework */; };
		A8C681670BF3A950EE4AACEB /* Pods_ChallengeWhiz_ChallengeWhizUITests.framework in Frameworks */ = {isa = PBXBuildFile; fileRef = 16B8F91B9DC4C8D953FEDDD9 /* Pods_ChallengeWhiz_ChallengeWhizUITests.framework */; };
		C08F05950C724D59F3F726D8 /* Pods_ChallengeWhizTests.framework in Frameworks */ = {isa = PBXBuildFile; fileRef = 03B6AA88104DF412D66501E5 /* Pods_ChallengeWhizTests.framework */; };
		C67CCACC2A868D07006AD79F /* ChallengeWhizApp.swift in Sources */ = {isa = PBXBuildFile; fileRef = C67CCACB2A868D07006AD79F /* ChallengeWhizApp.swift */; };
		C67CCACE2A868D07006AD79F /* ContentView.swift in Sources */ = {isa = PBXBuildFile; fileRef = C67CCACD2A868D07006AD79F /* ContentView.swift */; };
		C67CCAD02A868D08006AD79F /* Assets.xcassets in Resources */ = {isa = PBXBuildFile; fileRef = C67CCACF2A868D08006AD79F /* Assets.xcassets */; };
		C67CCAD32A868D08006AD79F /* Preview Assets.xcassets in Resources */ = {isa = PBXBuildFile; fileRef = C67CCAD22A868D08006AD79F /* Preview Assets.xcassets */; };
		C67CCADD2A868D08006AD79F /* ChallengeWhizTests.swift in Sources */ = {isa = PBXBuildFile; fileRef = C67CCADC2A868D08006AD79F /* ChallengeWhizTests.swift */; };
		C67CCAE72A868D08006AD79F /* ChallengeWhizUITests.swift in Sources */ = {isa = PBXBuildFile; fileRef = C67CCAE62A868D08006AD79F /* ChallengeWhizUITests.swift */; };
		C67CCAE92A868D08006AD79F /* ChallengeWhizUITestsLaunchTests.swift in Sources */ = {isa = PBXBuildFile; fileRef = C67CCAE82A868D08006AD79F /* ChallengeWhizUITestsLaunchTests.swift */; };
		C67CCAFD2A86E463006AD79F /* ResponseDataModel.swift in Sources */ = {isa = PBXBuildFile; fileRef = C67CCAFC2A86E463006AD79F /* ResponseDataModel.swift */; };
		C67CCB012A86E7D7006AD79F /* Request.swift in Sources */ = {isa = PBXBuildFile; fileRef = C67CCB002A86E7D7006AD79F /* Request.swift */; };
		C67CCB032A86EE32006AD79F /* ListView.swift in Sources */ = {isa = PBXBuildFile; fileRef = C67CCB022A86EE32006AD79F /* ListView.swift */; };
		C67CCB052A86EE42006AD79F /* CardView.swift in Sources */ = {isa = PBXBuildFile; fileRef = C67CCB042A86EE41006AD79F /* CardView.swift */; };
		C67CCB072A883879006AD79F /* SelectedProduct.swift in Sources */ = {isa = PBXBuildFile; fileRef = C67CCB062A883879006AD79F /* SelectedProduct.swift */; };
/* End PBXBuildFile section */

/* Begin PBXContainerItemProxy section */
		C67CCAD92A868D08006AD79F /* PBXContainerItemProxy */ = {
			isa = PBXContainerItemProxy;
			containerPortal = C67CCAC02A868D07006AD79F /* Project object */;
			proxyType = 1;
			remoteGlobalIDString = C67CCAC72A868D07006AD79F;
			remoteInfo = ChallengeWhiz;
		};
		C67CCAE32A868D08006AD79F /* PBXContainerItemProxy */ = {
			isa = PBXContainerItemProxy;
			containerPortal = C67CCAC02A868D07006AD79F /* Project object */;
			proxyType = 1;
			remoteGlobalIDString = C67CCAC72A868D07006AD79F;
			remoteInfo = ChallengeWhiz;
		};
/* End PBXContainerItemProxy section */

/* Begin PBXFileReference section */
		03B6AA88104DF412D66501E5 /* Pods_ChallengeWhizTests.framework */ = {isa = PBXFileReference; explicitFileType = wrapper.framework; includeInIndex = 0; path = Pods_ChallengeWhizTests.framework; sourceTree = BUILT_PRODUCTS_DIR; };
		16B8F91B9DC4C8D953FEDDD9 /* Pods_ChallengeWhiz_ChallengeWhizUITests.framework */ = {isa = PBXFileReference; explicitFileType = wrapper.framework; includeInIndex = 0; path = Pods_ChallengeWhiz_ChallengeWhizUITests.framework; sourceTree = BUILT_PRODUCTS_DIR; };
		57EC0802EB0D9966924FF007 /* Pods-ChallengeWhiz-ChallengeWhizUITests.debug.xcconfig */ = {isa = PBXFileReference; includeInIndex = 1; lastKnownFileType = text.xcconfig; name = "Pods-ChallengeWhiz-ChallengeWhizUITests.debug.xcconfig"; path = "Target Support Files/Pods-ChallengeWhiz-ChallengeWhizUITests/Pods-ChallengeWhiz-ChallengeWhizUITests.debug.xcconfig"; sourceTree = "<group>"; };
		6C9EBAAB42C2E9E5FA0EB82B /* Pods-ChallengeWhiz.debug.xcconfig */ = {isa = PBXFileReference; includeInIndex = 1; lastKnownFileType = text.xcconfig; name = "Pods-ChallengeWhiz.debug.xcconfig"; path = "Target Support Files/Pods-ChallengeWhiz/Pods-ChallengeWhiz.debug.xcconfig"; sourceTree = "<group>"; };
		AA7370C859CAD0D580DE70AB /* Pods-ChallengeWhizTests.debug.xcconfig */ = {isa = PBXFileReference; includeInIndex = 1; lastKnownFileType = text.xcconfig; name = "Pods-ChallengeWhizTests.debug.xcconfig"; path = "Target Support Files/Pods-ChallengeWhizTests/Pods-ChallengeWhizTests.debug.xcconfig"; sourceTree = "<group>"; };
		B8E6A8B0FF16BFCD5A524D12 /* Pods-ChallengeWhizTests.release.xcconfig */ = {isa = PBXFileReference; includeInIndex = 1; lastKnownFileType = text.xcconfig; name = "Pods-ChallengeWhizTests.release.xcconfig"; path = "Target Support Files/Pods-ChallengeWhizTests/Pods-ChallengeWhizTests.release.xcconfig"; sourceTree = "<group>"; };
		C67CCAC82A868D07006AD79F /* ChallengeWhiz.app */ = {isa = PBXFileReference; explicitFileType = wrapper.application; includeInIndex = 0; path = ChallengeWhiz.app; sourceTree = BUILT_PRODUCTS_DIR; };
		C67CCACB2A868D07006AD79F /* ChallengeWhizApp.swift */ = {isa = PBXFileReference; lastKnownFileType = sourcecode.swift; path = ChallengeWhizApp.swift; sourceTree = "<group>"; };
		C67CCACD2A868D07006AD79F /* ContentView.swift */ = {isa = PBXFileReference; lastKnownFileType = sourcecode.swift; path = ContentView.swift; sourceTree = "<group>"; };
		C67CCACF2A868D08006AD79F /* Assets.xcassets */ = {isa = PBXFileReference; lastKnownFileType = folder.assetcatalog; path = Assets.xcassets; sourceTree = "<group>"; };
		C67CCAD22A868D08006AD79F /* Preview Assets.xcassets */ = {isa = PBXFileReference; lastKnownFileType = folder.assetcatalog; path = "Preview Assets.xcassets"; sourceTree = "<group>"; };
		C67CCAD82A868D08006AD79F /* ChallengeWhizTests.xctest */ = {isa = PBXFileReference; explicitFileType = wrapper.cfbundle; includeInIndex = 0; path = ChallengeWhizTests.xctest; sourceTree = BUILT_PRODUCTS_DIR; };
		C67CCADC2A868D08006AD79F /* ChallengeWhizTests.swift */ = {isa = PBXFileReference; lastKnownFileType = sourcecode.swift; path = ChallengeWhizTests.swift; sourceTree = "<group>"; };
		C67CCAE22A868D08006AD79F /* ChallengeWhizUITests.xctest */ = {isa = PBXFileReference; explicitFileType = wrapper.cfbundle; includeInIndex = 0; path = ChallengeWhizUITests.xctest; sourceTree = BUILT_PRODUCTS_DIR; };
		C67CCAE62A868D08006AD79F /* ChallengeWhizUITests.swift */ = {isa = PBXFileReference; lastKnownFileType = sourcecode.swift; path = ChallengeWhizUITests.swift; sourceTree = "<group>"; };
		C67CCAE82A868D08006AD79F /* ChallengeWhizUITestsLaunchTests.swift */ = {isa = PBXFileReference; lastKnownFileType = sourcecode.swift; path = ChallengeWhizUITestsLaunchTests.swift; sourceTree = "<group>"; };
		C67CCAFB2A86ACFE006AD79F /* Info.plist */ = {isa = PBXFileReference; lastKnownFileType = text.plist; path = Info.plist; sourceTree = "<group>"; };
		C67CCAFC2A86E463006AD79F /* ResponseDataModel.swift */ = {isa = PBXFileReference; lastKnownFileType = sourcecode.swift; path = ResponseDataModel.swift; sourceTree = "<group>"; };
		C67CCB002A86E7D7006AD79F /* Request.swift */ = {isa = PBXFileReference; lastKnownFileType = sourcecode.swift; path = Request.swift; sourceTree = "<group>"; };
		C67CCB022A86EE32006AD79F /* ListView.swift */ = {isa = PBXFileReference; lastKnownFileType = sourcecode.swift; path = ListView.swift; sourceTree = "<group>"; };
		C67CCB042A86EE41006AD79F /* CardView.swift */ = {isa = PBXFileReference; lastKnownFileType = sourcecode.swift; path = CardView.swift; sourceTree = "<group>"; };
		C67CCB062A883879006AD79F /* SelectedProduct.swift */ = {isa = PBXFileReference; lastKnownFileType = sourcecode.swift; path = SelectedProduct.swift; sourceTree = "<group>"; };
		DEA76E9DE2F3ABAB235AAC3F /* Pods_ChallengeWhiz.framework */ = {isa = PBXFileReference; explicitFileType = wrapper.framework; includeInIndex = 0; path = Pods_ChallengeWhiz.framework; sourceTree = BUILT_PRODUCTS_DIR; };
		E2321429AE36F236B803A8BE /* Pods-ChallengeWhiz.release.xcconfig */ = {isa = PBXFileReference; includeInIndex = 1; lastKnownFileType = text.xcconfig; name = "Pods-ChallengeWhiz.release.xcconfig"; path = "Target Support Files/Pods-ChallengeWhiz/Pods-ChallengeWhiz.release.xcconfig"; sourceTree = "<group>"; };
		E549373D8DCCEF0A77C94195 /* Pods-ChallengeWhiz-ChallengeWhizUITests.release.xcconfig */ = {isa = PBXFileReference; includeInIndex = 1; lastKnownFileType = text.xcconfig; name = "Pods-ChallengeWhiz-ChallengeWhizUITests.release.xcconfig"; path = "Target Support Files/Pods-ChallengeWhiz-ChallengeWhizUITests/Pods-ChallengeWhiz-ChallengeWhizUITests.release.xcconfig"; sourceTree = "<group>"; };
/* End PBXFileReference section */

/* Begin PBXFrameworksBuildPhase section */
		C67CCAC52A868D07006AD79F /* Frameworks */ = {
			isa = PBXFrameworksBuildPhase;
			buildActionMask = 2147483647;
			files = (
				9F7420281860C88D3C44EC83 /* Pods_ChallengeWhiz.framework in Frameworks */,
			);
			runOnlyForDeploymentPostprocessing = 0;
		};
		C67CCAD52A868D08006AD79F /* Frameworks */ = {
			isa = PBXFrameworksBuildPhase;
			buildActionMask = 2147483647;
			files = (
				C08F05950C724D59F3F726D8 /* Pods_ChallengeWhizTests.framework in Frameworks */,
			);
			runOnlyForDeploymentPostprocessing = 0;
		};
		C67CCADF2A868D08006AD79F /* Frameworks */ = {
			isa = PBXFrameworksBuildPhase;
			buildActionMask = 2147483647;
			files = (
				A8C681670BF3A950EE4AACEB /* Pods_ChallengeWhiz_ChallengeWhizUITests.framework in Frameworks */,
			);
			runOnlyForDeploymentPostprocessing = 0;
		};
/* End PBXFrameworksBuildPhase section */

/* Begin PBXGroup section */
		25DF8D5EFBFECA261DFAD8D1 /* Frameworks */ = {
			isa = PBXGroup;
			children = (
				DEA76E9DE2F3ABAB235AAC3F /* Pods_ChallengeWhiz.framework */,
				16B8F91B9DC4C8D953FEDDD9 /* Pods_ChallengeWhiz_ChallengeWhizUITests.framework */,
				03B6AA88104DF412D66501E5 /* Pods_ChallengeWhizTests.framework */,
			);
			name = Frameworks;
			sourceTree = "<group>";
		};
		62221D65AC2FDF6F89EAD52A /* Pods */ = {
			isa = PBXGroup;
			children = (
				6C9EBAAB42C2E9E5FA0EB82B /* Pods-ChallengeWhiz.debug.xcconfig */,
				E2321429AE36F236B803A8BE /* Pods-ChallengeWhiz.release.xcconfig */,
				57EC0802EB0D9966924FF007 /* Pods-ChallengeWhiz-ChallengeWhizUITests.debug.xcconfig */,
				E549373D8DCCEF0A77C94195 /* Pods-ChallengeWhiz-ChallengeWhizUITests.release.xcconfig */,
				AA7370C859CAD0D580DE70AB /* Pods-ChallengeWhizTests.debug.xcconfig */,
				B8E6A8B0FF16BFCD5A524D12 /* Pods-ChallengeWhizTests.release.xcconfig */,
			);
			path = Pods;
			sourceTree = "<group>";
		};
		C67CCABF2A868D07006AD79F = {
			isa = PBXGroup;
			children = (
				C67CCACA2A868D07006AD79F /* ChallengeWhiz */,
				C67CCADB2A868D08006AD79F /* ChallengeWhizTests */,
				C67CCAE52A868D08006AD79F /* ChallengeWhizUITests */,
				C67CCAC92A868D07006AD79F /* Products */,
				62221D65AC2FDF6F89EAD52A /* Pods */,
				25DF8D5EFBFECA261DFAD8D1 /* Frameworks */,
			);
			sourceTree = "<group>";
		};
		C67CCAC92A868D07006AD79F /* Products */ = {
			isa = PBXGroup;
			children = (
				C67CCAC82A868D07006AD79F /* ChallengeWhiz.app */,
				C67CCAD82A868D08006AD79F /* ChallengeWhizTests.xctest */,
				C67CCAE22A868D08006AD79F /* ChallengeWhizUITests.xctest */,
			);
			name = Products;
			sourceTree = "<group>";
		};
		C67CCACA2A868D07006AD79F /* ChallengeWhiz */ = {
			isa = PBXGroup;
			children = (
				C67CCAFF2A86E7A1006AD79F /* Request */,
				C67CCAFE2A86E4BA006AD79F /* DataModels */,
				C67CCAFB2A86ACFE006AD79F /* Info.plist */,
				C67CCACB2A868D07006AD79F /* ChallengeWhizApp.swift */,
				C67CCACD2A868D07006AD79F /* ContentView.swift */,
				C67CCB022A86EE32006AD79F /* ListView.swift */,
				C67CCB042A86EE41006AD79F /* CardView.swift */,
				C67CCB062A883879006AD79F /* SelectedProduct.swift */,
				C67CCACF2A868D08006AD79F /* Assets.xcassets */,
				C67CCAD12A868D08006AD79F /* Preview Content */,
			);
			path = ChallengeWhiz;
			sourceTree = "<group>";
		};
		C67CCAD12A868D08006AD79F /* Preview Content */ = {
			isa = PBXGroup;
			children = (
				C67CCAD22A868D08006AD79F /* Preview Assets.xcassets */,
			);
			path = "Preview Content";
			sourceTree = "<group>";
		};
		C67CCADB2A868D08006AD79F /* ChallengeWhizTests */ = {
			isa = PBXGroup;
			children = (
				C67CCADC2A868D08006AD79F /* ChallengeWhizTests.swift */,
			);
			path = ChallengeWhizTests;
			sourceTree = "<group>";
		};
		C67CCAE52A868D08006AD79F /* ChallengeWhizUITests */ = {
			isa = PBXGroup;
			children = (
				C67CCAE62A868D08006AD79F /* ChallengeWhizUITests.swift */,
				C67CCAE82A868D08006AD79F /* ChallengeWhizUITestsLaunchTests.swift */,
			);
			path = ChallengeWhizUITests;
			sourceTree = "<group>";
		};
		C67CCAFE2A86E4BA006AD79F /* DataModels */ = {
			isa = PBXGroup;
			children = (
				C67CCAFC2A86E463006AD79F /* ResponseDataModel.swift */,
			);
			path = DataModels;
			sourceTree = "<group>";
		};
		C67CCAFF2A86E7A1006AD79F /* Request */ = {
			isa = PBXGroup;
			children = (
				C67CCB002A86E7D7006AD79F /* Request.swift */,
			);
			path = Request;
			sourceTree = "<group>";
		};
/* End PBXGroup section */

/* Begin PBXNativeTarget section */
		C67CCAC72A868D07006AD79F /* ChallengeWhiz */ = {
			isa = PBXNativeTarget;
			buildConfigurationList = C67CCAEC2A868D08006AD79F /* Build configuration list for PBXNativeTarget "ChallengeWhiz" */;
			buildPhases = (
				DDC014AA091775640B4C6481 /* [CP] Check Pods Manifest.lock */,
				C67CCAC42A868D07006AD79F /* Sources */,
				C67CCAC52A868D07006AD79F /* Frameworks */,
				C67CCAC62A868D07006AD79F /* Resources */,
				DCFB80AFE367D47F43C09438 /* [CP] Embed Pods Frameworks */,
			);
			buildRules = (
			);
			dependencies = (
			);
			name = ChallengeWhiz;
			productName = ChallengeWhiz;
			productReference = C67CCAC82A868D07006AD79F /* ChallengeWhiz.app */;
			productType = "com.apple.product-type.application";
		};
		C67CCAD72A868D08006AD79F /* ChallengeWhizTests */ = {
			isa = PBXNativeTarget;
			buildConfigurationList = C67CCAEF2A868D08006AD79F /* Build configuration list for PBXNativeTarget "ChallengeWhizTests" */;
			buildPhases = (
				EFA4DD1213105C98652E1109 /* [CP] Check Pods Manifest.lock */,
				C67CCAD42A868D08006AD79F /* Sources */,
				C67CCAD52A868D08006AD79F /* Frameworks */,
				C67CCAD62A868D08006AD79F /* Resources */,
			);
			buildRules = (
			);
			dependencies = (
				C67CCADA2A868D08006AD79F /* PBXTargetDependency */,
			);
			name = ChallengeWhizTests;
			productName = ChallengeWhizTests;
			productReference = C67CCAD82A868D08006AD79F /* ChallengeWhizTests.xctest */;
			productType = "com.apple.product-type.bundle.unit-test";
		};
		C67CCAE12A868D08006AD79F /* ChallengeWhizUITests */ = {
			isa = PBXNativeTarget;
			buildConfigurationList = C67CCAF22A868D08006AD79F /* Build configuration list for PBXNativeTarget "ChallengeWhizUITests" */;
			buildPhases = (
				9BC9A51D9E777867DEC4C89B /* [CP] Check Pods Manifest.lock */,
				C67CCADE2A868D08006AD79F /* Sources */,
				C67CCADF2A868D08006AD79F /* Frameworks */,
				C67CCAE02A868D08006AD79F /* Resources */,
				7D435AC39C9825B36B03F283 /* [CP] Embed Pods Frameworks */,
			);
			buildRules = (
			);
			dependencies = (
				C67CCAE42A868D08006AD79F /* PBXTargetDependency */,
			);
			name = ChallengeWhizUITests;
			productName = ChallengeWhizUITests;
			productReference = C67CCAE22A868D08006AD79F /* ChallengeWhizUITests.xctest */;
			productType = "com.apple.product-type.bundle.ui-testing";
		};
/* End PBXNativeTarget section */

/* Begin PBXProject section */
		C67CCAC02A868D07006AD79F /* Project object */ = {
			isa = PBXProject;
			attributes = {
				BuildIndependentTargetsInParallel = 1;
				LastSwiftUpdateCheck = 1430;
				LastUpgradeCheck = 1430;
				TargetAttributes = {
					C67CCAC72A868D07006AD79F = {
						CreatedOnToolsVersion = 14.3;
					};
					C67CCAD72A868D08006AD79F = {
						CreatedOnToolsVersion = 14.3;
						TestTargetID = C67CCAC72A868D07006AD79F;
					};
					C67CCAE12A868D08006AD79F = {
						CreatedOnToolsVersion = 14.3;
						TestTargetID = C67CCAC72A868D07006AD79F;
					};
				};
			};
			buildConfigurationList = C67CCAC32A868D07006AD79F /* Build configuration list for PBXProject "ChallengeWhiz" */;
			compatibilityVersion = "Xcode 14.0";
			developmentRegion = en;
			hasScannedForEncodings = 0;
			knownRegions = (
				en,
				Base,
			);
			mainGroup = C67CCABF2A868D07006AD79F;
			productRefGroup = C67CCAC92A868D07006AD79F /* Products */;
			projectDirPath = "";
			projectRoot = "";
			targets = (
				C67CCAC72A868D07006AD79F /* ChallengeWhiz */,
				C67CCAD72A868D08006AD79F /* ChallengeWhizTests */,
				C67CCAE12A868D08006AD79F /* ChallengeWhizUITests */,
			);
		};
/* End PBXProject section */

/* Begin PBXResourcesBuildPhase section */
		C67CCAC62A868D07006AD79F /* Resources */ = {
			isa = PBXResourcesBuildPhase;
			buildActionMask = 2147483647;
			files = (
				C67CCAD32A868D08006AD79F /* Preview Assets.xcassets in Resources */,
				C67CCAD02A868D08006AD79F /* Assets.xcassets in Resources */,
			);
			runOnlyForDeploymentPostprocessing = 0;
		};
		C67CCAD62A868D08006AD79F /* Resources */ = {
			isa = PBXResourcesBuildPhase;
			buildActionMask = 2147483647;
			files = (
			);
			runOnlyForDeploymentPostprocessing = 0;
		};
		C67CCAE02A868D08006AD79F /* Resources */ = {
			isa = PBXResourcesBuildPhase;
			buildActionMask = 2147483647;
			files = (
			);
			runOnlyForDeploymentPostprocessing = 0;
		};
/* End PBXResourcesBuildPhase section */

/* Begin PBXShellScriptBuildPhase section */
		7D435AC39C9825B36B03F283 /* [CP] Embed Pods Frameworks */ = {
			isa = PBXShellScriptBuildPhase;
			buildActionMask = 2147483647;
			files = (
			);
			inputFileListPaths = (
				"${PODS_ROOT}/Target Support Files/Pods-ChallengeWhiz-ChallengeWhizUITests/Pods-ChallengeWhiz-ChallengeWhizUITests-frameworks-${CONFIGURATION}-input-files.xcfilelist",
			);
			name = "[CP] Embed Pods Frameworks";
			outputFileListPaths = (
				"${PODS_ROOT}/Target Support Files/Pods-ChallengeWhiz-ChallengeWhizUITests/Pods-ChallengeWhiz-ChallengeWhizUITests-frameworks-${CONFIGURATION}-output-files.xcfilelist",
			);
			runOnlyForDeploymentPostprocessing = 0;
			shellPath = /bin/sh;
			shellScript = "\"${PODS_ROOT}/Target Support Files/Pods-ChallengeWhiz-ChallengeWhizUITests/Pods-ChallengeWhiz-ChallengeWhizUITests-frameworks.sh\"\n";
			showEnvVarsInLog = 0;
		};
		9BC9A51D9E777867DEC4C89B /* [CP] Check Pods Manifest.lock */ = {
			isa = PBXShellScriptBuildPhase;
			buildActionMask = 2147483647;
			files = (
			);
			inputFileListPaths = (
			);
			inputPaths = (
				"${PODS_PODFILE_DIR_PATH}/Podfile.lock",
				"${PODS_ROOT}/Manifest.lock",
			);
			name = "[CP] Check Pods Manifest.lock";
			outputFileListPaths = (
			);
			outputPaths = (
				"$(DERIVED_FILE_DIR)/Pods-ChallengeWhiz-ChallengeWhizUITests-checkManifestLockResult.txt",
			);
			runOnlyForDeploymentPostprocessing = 0;
			shellPath = /bin/sh;
			shellScript = "diff \"${PODS_PODFILE_DIR_PATH}/Podfile.lock\" \"${PODS_ROOT}/Manifest.lock\" > /dev/null\nif [ $? != 0 ] ; then\n    # print error to STDERR\n    echo \"error: The sandbox is not in sync with the Podfile.lock. Run 'pod install' or update your CocoaPods installation.\" >&2\n    exit 1\nfi\n# This output is used by Xcode 'outputs' to avoid re-running this script phase.\necho \"SUCCESS\" > \"${SCRIPT_OUTPUT_FILE_0}\"\n";
			showEnvVarsInLog = 0;
		};
		DCFB80AFE367D47F43C09438 /* [CP] Embed Pods Frameworks */ = {
			isa = PBXShellScriptBuildPhase;
			buildActionMask = 2147483647;
			files = (
			);
			inputFileListPaths = (
				"${PODS_ROOT}/Target Support Files/Pods-ChallengeWhiz/Pods-ChallengeWhiz-frameworks-${CONFIGURATION}-input-files.xcfilelist",
			);
			name = "[CP] Embed Pods Frameworks";
			outputFileListPaths = (
				"${PODS_ROOT}/Target Support Files/Pods-ChallengeWhiz/Pods-ChallengeWhiz-frameworks-${CONFIGURATION}-output-files.xcfilelist",
			);
			runOnlyForDeploymentPostprocessing = 0;
			shellPath = /bin/sh;
			shellScript = "\"${PODS_ROOT}/Target Support Files/Pods-ChallengeWhiz/Pods-ChallengeWhiz-frameworks.sh\"\n";
			showEnvVarsInLog = 0;
		};
		DDC014AA091775640B4C6481 /* [CP] Check Pods Manifest.lock */ = {
			isa = PBXShellScriptBuildPhase;
			buildActionMask = 2147483647;
			files = (
			);
			inputFileListPaths = (
			);
			inputPaths = (
				"${PODS_PODFILE_DIR_PATH}/Podfile.lock",
				"${PODS_ROOT}/Manifest.lock",
			);
			name = "[CP] Check Pods Manifest.lock";
			outputFileListPaths = (
			);
			outputPaths = (
				"$(DERIVED_FILE_DIR)/Pods-ChallengeWhiz-checkManifestLockResult.txt",
			);
			runOnlyForDeploymentPostprocessing = 0;
			shellPath = /bin/sh;
			shellScript = "diff \"${PODS_PODFILE_DIR_PATH}/Podfile.lock\" \"${PODS_ROOT}/Manifest.lock\" > /dev/null\nif [ $? != 0 ] ; then\n    # print error to STDERR\n    echo \"error: The sandbox is not in sync with the Podfile.lock. Run 'pod install' or update your CocoaPods installation.\" >&2\n    exit 1\nfi\n# This output is used by Xcode 'outputs' to avoid re-running this script phase.\necho \"SUCCESS\" > \"${SCRIPT_OUTPUT_FILE_0}\"\n";
			showEnvVarsInLog = 0;
		};
		EFA4DD1213105C98652E1109 /* [CP] Check Pods Manifest.lock */ = {
			isa = PBXShellScriptBuildPhase;
			buildActionMask = 2147483647;
			files = (
			);
			inputFileListPaths = (
			);
			inputPaths = (
				"${PODS_PODFILE_DIR_PATH}/Podfile.lock",
				"${PODS_ROOT}/Manifest.lock",
			);
			name = "[CP] Check Pods Manifest.lock";
			outputFileListPaths = (
			);
			outputPaths = (
				"$(DERIVED_FILE_DIR)/Pods-ChallengeWhizTests-checkManifestLockResult.txt",
			);
			runOnlyForDeploymentPostprocessing = 0;
			shellPath = /bin/sh;
			shellScript = "diff \"${PODS_PODFILE_DIR_PATH}/Podfile.lock\" \"${PODS_ROOT}/Manifest.lock\" > /dev/null\nif [ $? != 0 ] ; then\n    # print error to STDERR\n    echo \"error: The sandbox is not in sync with the Podfile.lock. Run 'pod install' or update your CocoaPods installation.\" >&2\n    exit 1\nfi\n# This output is used by Xcode 'outputs' to avoid re-running this script phase.\necho \"SUCCESS\" > \"${SCRIPT_OUTPUT_FILE_0}\"\n";
			showEnvVarsInLog = 0;
		};
/* End PBXShellScriptBuildPhase section */

/* Begin PBXSourcesBuildPhase section */
		C67CCAC42A868D07006AD79F /* Sources */ = {
			isa = PBXSourcesBuildPhase;
			buildActionMask = 2147483647;
			files = (
				C67CCACE2A868D07006AD79F /* ContentView.swift in Sources */,
				C67CCACC2A868D07006AD79F /* ChallengeWhizApp.swift in Sources */,
				C67CCB032A86EE32006AD79F /* ListView.swift in Sources */,
				C67CCB012A86E7D7006AD79F /* Request.swift in Sources */,
				C67CCB052A86EE42006AD79F /* CardView.swift in Sources */,
				C67CCB072A883879006AD79F /* SelectedProduct.swift in Sources */,
				C67CCAFD2A86E463006AD79F /* ResponseDataModel.swift in Sources */,
			);
			runOnlyForDeploymentPostprocessing = 0;
		};
		C67CCAD42A868D08006AD79F /* Sources */ = {
			isa = PBXSourcesBuildPhase;
			buildActionMask = 2147483647;
			files = (
				C67CCADD2A868D08006AD79F /* ChallengeWhizTests.swift in Sources */,
			);
			runOnlyForDeploymentPostprocessing = 0;
		};
		C67CCADE2A868D08006AD79F /* Sources */ = {
			isa = PBXSourcesBuildPhase;
			buildActionMask = 2147483647;
			files = (
				C67CCAE92A868D08006AD79F /* ChallengeWhizUITestsLaunchTests.swift in Sources */,
				C67CCAE72A868D08006AD79F /* ChallengeWhizUITests.swift in Sources */,
			);
			runOnlyForDeploymentPostprocessing = 0;
		};
/* End PBXSourcesBuildPhase section */

/* Begin PBXTargetDependency section */
		C67CCADA2A868D08006AD79F /* PBXTargetDependency */ = {
			isa = PBXTargetDependency;
			target = C67CCAC72A868D07006AD79F /* ChallengeWhiz */;
			targetProxy = C67CCAD92A868D08006AD79F /* PBXContainerItemProxy */;
		};
		C67CCAE42A868D08006AD79F /* PBXTargetDependency */ = {
			isa = PBXTargetDependency;
			target = C67CCAC72A868D07006AD79F /* ChallengeWhiz */;
			targetProxy = C67CCAE32A868D08006AD79F /* PBXContainerItemProxy */;
		};
/* End PBXTargetDependency section */

/* Begin XCBuildConfiguration section */
		C67CCAEA2A868D08006AD79F /* Debug */ = {
			isa = XCBuildConfiguration;
			buildSettings = {
				ALWAYS_SEARCH_USER_PATHS = NO;
				CLANG_ANALYZER_NONNULL = YES;
				CLANG_ANALYZER_NUMBER_OBJECT_CONVERSION = YES_AGGRESSIVE;
				CLANG_CXX_LANGUAGE_STANDARD = "gnu++20";
				CLANG_ENABLE_MODULES = YES;
				CLANG_ENABLE_OBJC_ARC = YES;
				CLANG_ENABLE_OBJC_WEAK = YES;
				CLANG_WARN_BLOCK_CAPTURE_AUTORELEASING = YES;
				CLANG_WARN_BOOL_CONVERSION = YES;
				CLANG_WARN_COMMA = YES;
				CLANG_WARN_CONSTANT_CONVERSION = YES;
				CLANG_WARN_DEPRECATED_OBJC_IMPLEMENTATIONS = YES;
				CLANG_WARN_DIRECT_OBJC_ISA_USAGE = YES_ERROR;
				CLANG_WARN_DOCUMENTATION_COMMENTS = YES;
				CLANG_WARN_EMPTY_BODY = YES;
				CLANG_WARN_ENUM_CONVERSION = YES;
				CLANG_WARN_INFINITE_RECURSION = YES;
				CLANG_WARN_INT_CONVERSION = YES;
				CLANG_WARN_NON_LITERAL_NULL_CONVERSION = YES;
				CLANG_WARN_OBJC_IMPLICIT_RETAIN_SELF = YES;
				CLANG_WARN_OBJC_LITERAL_CONVERSION = YES;
				CLANG_WARN_OBJC_ROOT_CLASS = YES_ERROR;
				CLANG_WARN_QUOTED_INCLUDE_IN_FRAMEWORK_HEADER = YES;
				CLANG_WARN_RANGE_LOOP_ANALYSIS = YES;
				CLANG_WARN_STRICT_PROTOTYPES = YES;
				CLANG_WARN_SUSPICIOUS_MOVE = YES;
				CLANG_WARN_UNGUARDED_AVAILABILITY = YES_AGGRESSIVE;
				CLANG_WARN_UNREACHABLE_CODE = YES;
				CLANG_WARN__DUPLICATE_METHOD_MATCH = YES;
				COPY_PHASE_STRIP = NO;
				DEBUG_INFORMATION_FORMAT = dwarf;
				ENABLE_STRICT_OBJC_MSGSEND = YES;
				ENABLE_TESTABILITY = YES;
				GCC_C_LANGUAGE_STANDARD = gnu11;
				GCC_DYNAMIC_NO_PIC = NO;
				GCC_NO_COMMON_BLOCKS = YES;
				GCC_OPTIMIZATION_LEVEL = 0;
				GCC_PREPROCESSOR_DEFINITIONS = (
					"DEBUG=1",
					"$(inherited)",
				);
				GCC_WARN_64_TO_32_BIT_CONVERSION = YES;
				GCC_WARN_ABOUT_RETURN_TYPE = YES_ERROR;
				GCC_WARN_UNDECLARED_SELECTOR = YES;
				GCC_WARN_UNINITIALIZED_AUTOS = YES_AGGRESSIVE;
				GCC_WARN_UNUSED_FUNCTION = YES;
				GCC_WARN_UNUSED_VARIABLE = YES;
				IPHONEOS_DEPLOYMENT_TARGET = 16.4;
				MTL_ENABLE_DEBUG_INFO = INCLUDE_SOURCE;
				MTL_FAST_MATH = YES;
				ONLY_ACTIVE_ARCH = YES;
				SDKROOT = iphoneos;
				SWIFT_ACTIVE_COMPILATION_CONDITIONS = DEBUG;
				SWIFT_OPTIMIZATION_LEVEL = "-Onone";
			};
			name = Debug;
		};
		C67CCAEB2A868D08006AD79F /* Release */ = {
			isa = XCBuildConfiguration;
			buildSettings = {
				ALWAYS_SEARCH_USER_PATHS = NO;
				CLANG_ANALYZER_NONNULL = YES;
				CLANG_ANALYZER_NUMBER_OBJECT_CONVERSION = YES_AGGRESSIVE;
				CLANG_CXX_LANGUAGE_STANDARD = "gnu++20";
				CLANG_ENABLE_MODULES = YES;
				CLANG_ENABLE_OBJC_ARC = YES;
				CLANG_ENABLE_OBJC_WEAK = YES;
				CLANG_WARN_BLOCK_CAPTURE_AUTORELEASING = YES;
				CLANG_WARN_BOOL_CONVERSION = YES;
				CLANG_WARN_COMMA = YES;
				CLANG_WARN_CONSTANT_CONVERSION = YES;
				CLANG_WARN_DEPRECATED_OBJC_IMPLEMENTATIONS = YES;
				CLANG_WARN_DIRECT_OBJC_ISA_USAGE = YES_ERROR;
				CLANG_WARN_DOCUMENTATION_COMMENTS = YES;
				CLANG_WARN_EMPTY_BODY = YES;
				CLANG_WARN_ENUM_CONVERSION = YES;
				CLANG_WARN_INFINITE_RECURSION = YES;
				CLANG_WARN_INT_CONVERSION = YES;
				CLANG_WARN_NON_LITERAL_NULL_CONVERSION = YES;
				CLANG_WARN_OBJC_IMPLICIT_RETAIN_SELF = YES;
				CLANG_WARN_OBJC_LITERAL_CONVERSION = YES;
				CLANG_WARN_OBJC_ROOT_CLASS = YES_ERROR;
				CLANG_WARN_QUOTED_INCLUDE_IN_FRAMEWORK_HEADER = YES;
				CLANG_WARN_RANGE_LOOP_ANALYSIS = YES;
				CLANG_WARN_STRICT_PROTOTYPES = YES;
				CLANG_WARN_SUSPICIOUS_MOVE = YES;
				CLANG_WARN_UNGUARDED_AVAILABILITY = YES_AGGRESSIVE;
				CLANG_WARN_UNREACHABLE_CODE = YES;
				CLANG_WARN__DUPLICATE_METHOD_MATCH = YES;
				COPY_PHASE_STRIP = NO;
				DEBUG_INFORMATION_FORMAT = "dwarf-with-dsym";
				ENABLE_NS_ASSERTIONS = NO;
				ENABLE_STRICT_OBJC_MSGSEND = YES;
				GCC_C_LANGUAGE_STANDARD = gnu11;
				GCC_NO_COMMON_BLOCKS = YES;
				GCC_WARN_64_TO_32_BIT_CONVERSION = YES;
				GCC_WARN_ABOUT_RETURN_TYPE = YES_ERROR;
				GCC_WARN_UNDECLARED_SELECTOR = YES;
				GCC_WARN_UNINITIALIZED_AUTOS = YES_AGGRESSIVE;
				GCC_WARN_UNUSED_FUNCTION = YES;
				GCC_WARN_UNUSED_VARIABLE = YES;
				IPHONEOS_DEPLOYMENT_TARGET = 16.4;
				MTL_ENABLE_DEBUG_INFO = NO;
				MTL_FAST_MATH = YES;
				SDKROOT = iphoneos;
				SWIFT_COMPILATION_MODE = wholemodule;
				SWIFT_OPTIMIZATION_LEVEL = "-O";
				VALIDATE_PRODUCT = YES;
			};
			name = Release;
		};
		C67CCAED2A868D08006AD79F /* Debug */ = {
			isa = XCBuildConfiguration;
			baseConfigurationReference = 6C9EBAAB42C2E9E5FA0EB82B /* Pods-ChallengeWhiz.debug.xcconfig */;
			buildSettings = {
				ASSETCATALOG_COMPILER_APPICON_NAME = AppIcon;
				ASSETCATALOG_COMPILER_GLOBAL_ACCENT_COLOR_NAME = AccentColor;
				CODE_SIGN_STYLE = Automatic;
				CURRENT_PROJECT_VERSION = 1;
				DEVELOPMENT_ASSET_PATHS = "\"ChallengeWhiz/Preview Content\"";
				DEVELOPMENT_TEAM = 2959X272S8;
				ENABLE_PREVIEWS = YES;
				GENERATE_INFOPLIST_FILE = YES;
				INFOPLIST_FILE = ChallengeWhiz/Info.plist;
				INFOPLIST_KEY_UIApplicationSceneManifest_Generation = YES;
				INFOPLIST_KEY_UIApplicationSupportsIndirectInputEvents = YES;
				INFOPLIST_KEY_UILaunchScreen_Generation = YES;
				INFOPLIST_KEY_UISupportedInterfaceOrientations_iPad = "UIInterfaceOrientationPortrait UIInterfaceOrientationPortraitUpsideDown UIInterfaceOrientationLandscapeLeft UIInterfaceOrientationLandscapeRight";
				INFOPLIST_KEY_UISupportedInterfaceOrientations_iPhone = "UIInterfaceOrientationPortrait UIInterfaceOrientationLandscapeLeft UIInterfaceOrientationLandscapeRight";
				LD_RUNPATH_SEARCH_PATHS = (
					"$(inherited)",
					"@executable_path/Frameworks",
				);
				MARKETING_VERSION = 1.0;
				PRODUCT_BUNDLE_IDENTIFIER = PersonalProjects.ChallengeWhiz;
				PRODUCT_NAME = "$(TARGET_NAME)";
				SWIFT_EMIT_LOC_STRINGS = YES;
				SWIFT_VERSION = 5.0;
				TARGETED_DEVICE_FAMILY = "1,2";
			};
			name = Debug;
		};
		C67CCAEE2A868D08006AD79F /* Release */ = {
			isa = XCBuildConfiguration;
			baseConfigurationReference = E2321429AE36F236B803A8BE /* Pods-ChallengeWhiz.release.xcconfig */;
			buildSettings = {
				ASSETCATALOG_COMPILER_APPICON_NAME = AppIcon;
				ASSETCATALOG_COMPILER_GLOBAL_ACCENT_COLOR_NAME = AccentColor;
				CODE_SIGN_STYLE = Automatic;
				CURRENT_PROJECT_VERSION = 1;
				DEVELOPMENT_ASSET_PATHS = "\"ChallengeWhiz/Preview Content\"";
				DEVELOPMENT_TEAM = 2959X272S8;
				ENABLE_PREVIEWS = YES;
				GENERATE_INFOPLIST_FILE = YES;
				INFOPLIST_FILE = ChallengeWhiz/Info.plist;
				INFOPLIST_KEY_UIApplicationSceneManifest_Generation = YES;
				INFOPLIST_KEY_UIApplicationSupportsIndirectInputEvents = YES;
				INFOPLIST_KEY_UILaunchScreen_Generation = YES;
				INFOPLIST_KEY_UISupportedInterfaceOrientations_iPad = "UIInterfaceOrientationPortrait UIInterfaceOrientationPortraitUpsideDown UIInterfaceOrientationLandscapeLeft UIInterfaceOrientationLandscapeRight";
				INFOPLIST_KEY_UISupportedInterfaceOrientations_iPhone = "UIInterfaceOrientationPortrait UIInterfaceOrientationLandscapeLeft UIInterfaceOrientationLandscapeRight";
				LD_RUNPATH_SEARCH_PATHS = (
					"$(inherited)",
					"@executable_path/Frameworks",
				);
				MARKETING_VERSION = 1.0;
				PRODUCT_BUNDLE_IDENTIFIER = PersonalProjects.ChallengeWhiz;
				PRODUCT_NAME = "$(TARGET_NAME)";
				SWIFT_EMIT_LOC_STRINGS = YES;
				SWIFT_VERSION = 5.0;
				TARGETED_DEVICE_FAMILY = "1,2";
			};
			name = Release;
		};
		C67CCAF02A868D08006AD79F /* Debug */ = {
			isa = XCBuildConfiguration;
			baseConfigurationReference = AA7370C859CAD0D580DE70AB /* Pods-ChallengeWhizTests.debug.xcconfig */;
			buildSettings = {
				ALWAYS_EMBED_SWIFT_STANDARD_LIBRARIES = YES;
				BUNDLE_LOADER = "$(TEST_HOST)";
				CODE_SIGN_STYLE = Automatic;
				CURRENT_PROJECT_VERSION = 1;
				DEVELOPMENT_TEAM = 2959X272S8;
				GENERATE_INFOPLIST_FILE = YES;
				IPHONEOS_DEPLOYMENT_TARGET = 16.4;
				MARKETING_VERSION = 1.0;
				PRODUCT_BUNDLE_IDENTIFIER = PersonalProjects.ChallengeWhizTests;
				PRODUCT_NAME = "$(TARGET_NAME)";
				SWIFT_EMIT_LOC_STRINGS = NO;
				SWIFT_VERSION = 5.0;
				TARGETED_DEVICE_FAMILY = "1,2";
				TEST_HOST = "$(BUILT_PRODUCTS_DIR)/ChallengeWhiz.app/$(BUNDLE_EXECUTABLE_FOLDER_PATH)/ChallengeWhiz";
			};
			name = Debug;
		};
		C67CCAF12A868D08006AD79F /* Release */ = {
			isa = XCBuildConfiguration;
			baseConfigurationReference = B8E6A8B0FF16BFCD5A524D12 /* Pods-ChallengeWhizTests.release.xcconfig */;
			buildSettings = {
				ALWAYS_EMBED_SWIFT_STANDARD_LIBRARIES = YES;
				BUNDLE_LOADER = "$(TEST_HOST)";
				CODE_SIGN_STYLE = Automatic;
				CURRENT_PROJECT_VERSION = 1;
				DEVELOPMENT_TEAM = 2959X272S8;
				GENERATE_INFOPLIST_FILE = YES;
				IPHONEOS_DEPLOYMENT_TARGET = 16.4;
				MARKETING_VERSION = 1.0;
				PRODUCT_BUNDLE_IDENTIFIER = PersonalProjects.ChallengeWhizTests;
				PRODUCT_NAME = "$(TARGET_NAME)";
				SWIFT_EMIT_LOC_STRINGS = NO;
				SWIFT_VERSION = 5.0;
				TARGETED_DEVICE_FAMILY = "1,2";
				TEST_HOST = "$(BUILT_PRODUCTS_DIR)/ChallengeWhiz.app/$(BUNDLE_EXECUTABLE_FOLDER_PATH)/ChallengeWhiz";
			};
			name = Release;
		};
		C67CCAF32A868D08006AD79F /* Debug */ = {
			isa = XCBuildConfiguration;
			baseConfigurationReference = 57EC0802EB0D9966924FF007 /* Pods-ChallengeWhiz-ChallengeWhizUITests.debug.xcconfig */;
			buildSettings = {
				ALWAYS_EMBED_SWIFT_STANDARD_LIBRARIES = YES;
				CODE_SIGN_STYLE = Automatic;
				CURRENT_PROJECT_VERSION = 1;
				DEVELOPMENT_TEAM = 2959X272S8;
				GENERATE_INFOPLIST_FILE = YES;
				MARKETING_VERSION = 1.0;
				PRODUCT_BUNDLE_IDENTIFIER = PersonalProjects.ChallengeWhizUITests;
				PRODUCT_NAME = "$(TARGET_NAME)";
				SWIFT_EMIT_LOC_STRINGS = NO;
				SWIFT_VERSION = 5.0;
				TARGETED_DEVICE_FAMILY = "1,2";
				TEST_TARGET_NAME = ChallengeWhiz;
			};
			name = Debug;
		};
		C67CCAF42A868D08006AD79F /* Release */ = {
			isa = XCBuildConfiguration;
			baseConfigurationReference = E549373D8DCCEF0A77C94195 /* Pods-ChallengeWhiz-ChallengeWhizUITests.release.xcconfig */;
			buildSettings = {
				ALWAYS_EMBED_SWIFT_STANDARD_LIBRARIES = YES;
				CODE_SIGN_STYLE = Automatic;
				CURRENT_PROJECT_VERSION = 1;
				DEVELOPMENT_TEAM = 2959X272S8;
				GENERATE_INFOPLIST_FILE = YES;
				MARKETING_VERSION = 1.0;
				PRODUCT_BUNDLE_IDENTIFIER = PersonalProjects.ChallengeWhizUITests;
				PRODUCT_NAME = "$(TARGET_NAME)";
				SWIFT_EMIT_LOC_STRINGS = NO;
				SWIFT_VERSION = 5.0;
				TARGETED_DEVICE_FAMILY = "1,2";
				TEST_TARGET_NAME = ChallengeWhiz;
			};
			name = Release;
		};
/* End XCBuildConfiguration section */

/* Begin XCConfigurationList section */
		C67CCAC32A868D07006AD79F /* Build configuration list for PBXProject "ChallengeWhiz" */ = {
			isa = XCConfigurationList;
			buildConfigurations = (
				C67CCAEA2A868D08006AD79F /* Debug */,
				C67CCAEB2A868D08006AD79F /* Release */,
			);
			defaultConfigurationIsVisible = 0;
			defaultConfigurationName = Release;
		};
		C67CCAEC2A868D08006AD79F /* Build configuration list for PBXNativeTarget "ChallengeWhiz" */ = {
			isa = XCConfigurationList;
			buildConfigurations = (
				C67CCAED2A868D08006AD79F /* Debug */,
				C67CCAEE2A868D08006AD79F /* Release */,
			);
			defaultConfigurationIsVisible = 0;
			defaultConfigurationName = Release;
		};
		C67CCAEF2A868D08006AD79F /* Build configuration list for PBXNativeTarget "ChallengeWhizTests" */ = {
			isa = XCConfigurationList;
			buildConfigurations = (
				C67CCAF02A868D08006AD79F /* Debug */,
				C67CCAF12A868D08006AD79F /* Release */,
			);
			defaultConfigurationIsVisible = 0;
			defaultConfigurationName = Release;
		};
		C67CCAF22A868D08006AD79F /* Build configuration list for PBXNativeTarget "ChallengeWhizUITests" */ = {
			isa = XCConfigurationList;
			buildConfigurations = (
				C67CCAF32A868D08006AD79F /* Debug */,
				C67CCAF42A868D08006AD79F /* Release */,
			);
			defaultConfigurationIsVisible = 0;
			defaultConfigurationName = Release;
		};
/* End XCConfigurationList section */
	};
	rootObject = C67CCAC02A868D07006AD79F /* Project object */;
}
